PODS:
  - Alamofire (5.4.3)
  - AlamofireImage (4.2.0):
    - Alamofire (~> 5.4)
  - CDAlertView (0.11.0)
  - Google-Maps-iOS-Utils (3.9.0):
    - Google-Maps-iOS-Utils/Clustering (= 3.9.0)
    - Google-Maps-iOS-Utils/Geometry (= 3.9.0)
    - Google-Maps-iOS-Utils/GeometryUtils (= 3.9.0)
    - Google-Maps-iOS-Utils/Heatmap (= 3.9.0)
    - Google-Maps-iOS-Utils/QuadTree (= 3.9.0)
    - GoogleMaps
  - Google-Maps-iOS-Utils/Clustering (3.9.0):
    - Google-Maps-iOS-Utils/QuadTree
    - GoogleMaps
  - Google-Maps-iOS-Utils/Geometry (3.9.0):
    - GoogleMaps
  - Google-Maps-iOS-Utils/GeometryUtils (3.9.0):
    - GoogleMaps
  - Google-Maps-iOS-Utils/Heatmap (3.9.0):
    - Google-Maps-iOS-Utils/QuadTree
    - GoogleMaps
  - Google-Maps-iOS-Utils/QuadTree (3.9.0):
    - GoogleMaps
  - GoogleMaps (4.2.0):
    - GoogleMaps/Maps (= 4.2.0)
  - GoogleMaps/Base (4.2.0)
  - GoogleMaps/Maps (4.2.0):
    - GoogleMaps/Base
  - IHKeyboardAvoiding (4.7)
  - Just (0.8.0)
  - SwiftToast (1.1.3)

DEPENDENCIES:
  - Alamofire (~> 5.2)
  - AlamofireImage (~> 4.1)
  - CDAlertView
  - Google-Maps-iOS-Utils (~> 3.9.0)
  - GoogleMaps
  - IHKeyboardAvoiding
  - Just
  - SwiftToast

SPEC REPOS:
  trunk:
    - Alamofire
    - AlamofireImage
    - CDAlertView
    - Google-Maps-iOS-Utils
    - GoogleMaps
    - IHKeyboardAvoiding
    - Just
    - SwiftToast

SPEC CHECKSUMS:
  Alamofire: e447a2774a40c996748296fa2c55112fdbbc42f9
  AlamofireImage: 34a2d90b0e5fe6a5605f85ae4b7b01e784c60192
  CDAlertView: cd6624e857c85ad14560e2cd23d7eb25b983b590
  Google-Maps-iOS-Utils: ae3b4e74b2d734454be32cf62ba8d6ad7283e0c1
  GoogleMaps: eb03e327edfd70b06de1e6e321653f73712df7ad
  IHKeyboardAvoiding: 4cae0880c3975feffa278495df894c5166e71ad0
  Just: aef5105fb2c7069b65aa6f21aec8f429057f9c19
  SwiftToast: 029cbeda85c04fb3fa5df774ba461b19971bc6c5

PODFILE CHECKSUM: 4ae277515527b35e6b728c2dd58c5ce202c9ffcc

COCOAPODS: 1.10.1
